<?xml version="1.0" encoding="UTF-8" standalone="yes" ?>
<CodeBlocks_project_file>
	<FileVersion major="1" minor="6" />
	<Project>
		<Option title="creq" />
		<Option pch_mode="2" />
		<Option compiler="gcc" />
		<Build>
			<Target title="Lib_Debug">
				<Option output="bin/Lib_Debug/libcreq" prefix_auto="1" extension_auto="1" />
				<Option object_output="obj/Lib_Debug/" />
				<Option type="3" />
				<Option compiler="gcc" />
				<Option createDefFile="1" />
				<Option createStaticLib="1" />
				<Compiler>
					<Add option="-Og" />
					<Add option="-g" />
				</Compiler>
			</Target>
			<Target title="Lib_Release">
				<Option output="bin/Lib_Release/libcreq" prefix_auto="1" extension_auto="1" />
				<Option object_output="obj/Lib_Release/" />
				<Option type="3" />
				<Option compiler="gcc" />
				<Option createDefFile="1" />
				<Option createStaticLib="1" />
				<Compiler>
					<Add option="-O2" />
				</Compiler>
				<Linker>
					<Add option="-s" />
				</Linker>
			</Target>
			<Target title="Lib_FullyOptimized">
				<Option output="bin/Lib_FullyOptimized/libcreq" imp_lib="$(TARGET_OUTPUT_DIR)$(TARGET_OUTPUT_BASENAME).a" def_file="$(TARGET_OUTPUT_DIR)$(TARGET_OUTPUT_BASENAME).def" prefix_auto="1" extension_auto="1" />
				<Option object_output="obj/Lib_FullyOptimized/" />
				<Option type="3" />
				<Option compiler="gcc" />
				<Option createDefFile="1" />
				<Option createStaticLib="1" />
				<Compiler>
					<Add option="-fomit-frame-pointer" />
					<Add option="-fexpensive-optimizations" />
					<Add option="-flto" />
					<Add option="-O3" />
				</Compiler>
				<Linker>
					<Add option="-flto" />
					<Add option="-s" />
				</Linker>
			</Target>
			<Target title="Test_Debug">
				<Option output="bin/Test_Debug/creq_test" prefix_auto="1" extension_auto="1" />
				<Option object_output="obj/Test_Debug/" />
				<Option type="1" />
				<Option compiler="gcc" />
				<Compiler>
					<Add option="-Og" />
					<Add option="-g" />
				</Compiler>
			</Target>
		</Build>
		<Compiler>
			<Add option="-Weffc++" />
			<Add option="-Wall" />
			<Add option="-fvisibility=hidden" />
		</Compiler>
		<Unit filename="creq.c">
			<Option compilerVar="CC" />
		</Unit>
		<Unit filename="creq.h">
			<Option compile="1" />
		</Unit>
		<Unit filename="creq_test.c">
			<Option compilerVar="CC" />
			<Option target="Test_Debug" />
		</Unit>
		<Extensions>
			<code_completion />
			<envvars />
			<debugger />
			<DoxyBlocks>
				<comment_style block="0" line="2" />
				<doxyfile_project />
				<doxyfile_build />
				<doxyfile_warnings />
				<doxyfile_output />
				<doxyfile_dot />
				<general use_at_in_tags="1" />
			</DoxyBlocks>
		</Extensions>
	</Project>
</CodeBlocks_project_file>
